
Microsoft Visual Studio Solution File, Format Version 12.00
# Visual Studio 2013
VisualStudioVersion = 12.0.40629.0
MinimumVisualStudioVersion = 10.0.40219.1
Project("{6141683F-8A12-4E36-9623-2EB02B2C2303}") = "English Mate Installation", "English Mate Installation\English Mate Installation.isproj", "{B8DAF70F-5D6F-4A8A-95C3-C11D960B5D55}"
EndProject
Global
	GlobalSection(SolutionConfigurationPlatforms) = preSolution
		CD_ROM|Default = CD_ROM|Default
		DVD-5|Default = DVD-5|Default
		SingleImage|Default = SingleImage|Default
	EndGlobalSection
	GlobalSection(ProjectConfigurationPlatforms) = postSolution
		{B8DAF70F-5D6F-4A8A-95C3-C11D960B5D55}.CD_ROM|Default.ActiveCfg = CD_ROM
		{B8DAF70F-5D6F-4A8A-95C3-C11D960B5D55}.CD_ROM|Default.Build.0 = CD_ROM
		{B8DAF70F-5D6F-4A8A-95C3-C11D960B5D55}.DVD-5|Default.ActiveCfg = DVD-5
		{B8DAF70F-5D6F-4A8A-95C3-C11D960B5D55}.DVD-5|Default.Build.0 = DVD-5
		{B8DAF70F-5D6F-4A8A-95C3-C11D960B5D55}.SingleImage|Default.ActiveCfg = SingleImage
		{B8DAF70F-5D6F-4A8A-95C3-C11D960B5D55}.SingleImage|Default.Build.0 = SingleImage
	EndGlobalSection
	GlobalSection(SolutionProperties) = preSolution
		HideSolutionNode = FALSE
	EndGlobalSection
EndGlobal
